
Microsoft Visual Studio Solution File, Format Version 12.00
# Visual Studio Version 16
VisualStudioVersion = 16.0.32002.261
MinimumVisualStudioVersion = 10.0.40219.1
Project("{9A19103F-16F7-4668-BE54-9A1E7A4F7556}") = "EventsApp", "EventsApp.csproj", "{D3FADE33-54CF-4DE8-8D4A-D859DAF2E0F3}"
EndProject
Global
	GlobalSection(SolutionConfigurationPlatforms) = preSolution
		Debug|Any CPU = Debug|Any CPU
		Release|Any CPU = Release|Any CPU
	EndGlobalSection
	GlobalSection(ProjectConfigurationPlatforms) = postSolution
		{D3FADE33-54CF-4DE8-8D4A-D859DAF2E0F3}.Debug|Any CPU.ActiveCfg = Debug|Any CPU
		{D3FADE33-54CF-4DE8-8D4A-D859DAF2E0F3}.Debug|Any CPU.Build.0 = Debug|Any CPU
		{D3FADE33-54CF-4DE8-8D4A-D859DAF2E0F3}.Release|Any CPU.ActiveCfg = Release|Any CPU
		{D3FADE33-54CF-4DE8-8D4A-D859DAF2E0F3}.Release|Any CPU.Build.0 = Release|Any CPU
	EndGlobalSection
	GlobalSection(SolutionProperties) = preSolution
		HideSolutionNode = FALSE
	EndGlobalSection
	GlobalSection(ExtensibilityGlobals) = postSolution
		SolutionGuid = {B09634ED-54AF-4D5C-9D9D-AD96C243D320}
	EndGlobalSection
EndGlobal
